// !$*UTF8*$!
{
	archiveVersion = 1;
	classes = {
	};
	objectVersion = 46;
	objects = {

/* Begin PBXBuildFile section */
		090D457A170A04FE00ADCB17 /* UIViewController+Helper.m in Sources */ = {isa = PBXBuildFile; fileRef = 090D4579170A04FE00ADCB17 /* UIViewController+Helper.m */; };
		0940B3DC1700D1760000F516 /* SignupViewController.m in Sources */ = {isa = PBXBuildFile; fileRef = 0940B3DB1700D1760000F516 /* SignupViewController.m */; };
		0940B3DF1700D1820000F516 /* GroupsViewController.m in Sources */ = {isa = PBXBuildFile; fileRef = 0940B3DE1700D1820000F516 /* GroupsViewController.m */; };
		0940B3E21700D1B90000F516 /* GroupViewController.m in Sources */ = {isa = PBXBuildFile; fileRef = 0940B3E11700D1B90000F516 /* GroupViewController.m */; };
		0940B3E51700D2140000F516 /* EventViewController.m in Sources */ = {isa = PBXBuildFile; fileRef = 0940B3E41700D2140000F516 /* EventViewController.m */; };
		0940B3E81700D24B0000F516 /* CommentCreateViewController.m in Sources */ = {isa = PBXBuildFile; fileRef = 0940B3E71700D24B0000F516 /* CommentCreateViewController.m */; };
		0940B3EC1700D28B0000F516 /* GroupParticipantsViewController.m in Sources */ = {isa = PBXBuildFile; fileRef = 0940B3EB1700D28B0000F516 /* GroupParticipantsViewController.m */; };
		0940B3EF1700D2C20000F516 /* EventAttendeesViewController.m in Sources */ = {isa = PBXBuildFile; fileRef = 0940B3EE1700D2C20000F516 /* EventAttendeesViewController.m */; };
		0940B3F11700D4320000F516 /* MapKit.framework in Frameworks */ = {isa = PBXBuildFile; fileRef = 0940B3F01700D4320000F516 /* MapKit.framework */; };
		09CF62EC1725A16F00DF790B /* UIView+ActivityIndicator.m in Sources */ = {isa = PBXBuildFile; fileRef = 09CF62EB1725A16E00DF790B /* UIView+ActivityIndicator.m */; };
		09CF62ED1725A16F00DF790B /* UIView+ActivityIndicator.m in Sources */ = {isa = PBXBuildFile; fileRef = 09CF62EB1725A16E00DF790B /* UIView+ActivityIndicator.m */; };
		09CF62F21725A59D00DF790B /* 83-calendar.png in Resources */ = {isa = PBXBuildFile; fileRef = 09CF62F01725A59D00DF790B /* 83-calendar.png */; };
		09CF62F31725A59D00DF790B /* 83-calendar.png in Resources */ = {isa = PBXBuildFile; fileRef = 09CF62F01725A59D00DF790B /* 83-calendar.png */; };
		09CF62F41725A59D00DF790B /* 83-calendar@2x.png in Resources */ = {isa = PBXBuildFile; fileRef = 09CF62F11725A59D00DF790B /* 83-calendar@2x.png */; };
		09CF62F51725A59D00DF790B /* 83-calendar@2x.png in Resources */ = {isa = PBXBuildFile; fileRef = 09CF62F11725A59D00DF790B /* 83-calendar@2x.png */; };
		09CF62FA1725A5B600DF790B /* 111-user.png in Resources */ = {isa = PBXBuildFile; fileRef = 09CF62F61725A5B600DF790B /* 111-user.png */; };
		09CF62FB1725A5B600DF790B /* 111-user.png in Resources */ = {isa = PBXBuildFile; fileRef = 09CF62F61725A5B600DF790B /* 111-user.png */; };
		09CF62FC1725A5B600DF790B /* 111-user@2x.png in Resources */ = {isa = PBXBuildFile; fileRef = 09CF62F71725A5B600DF790B /* 111-user@2x.png */; };
		09CF62FD1725A5B600DF790B /* 111-user@2x.png in Resources */ = {isa = PBXBuildFile; fileRef = 09CF62F71725A5B600DF790B /* 111-user@2x.png */; };
		09CF62FE1725A5B600DF790B /* 112-group.png in Resources */ = {isa = PBXBuildFile; fileRef = 09CF62F81725A5B600DF790B /* 112-group.png */; };
		09CF62FF1725A5B600DF790B /* 112-group.png in Resources */ = {isa = PBXBuildFile; fileRef = 09CF62F81725A5B600DF790B /* 112-group.png */; };
		09CF63001725A5B600DF790B /* 112-group@2x.png in Resources */ = {isa = PBXBuildFile; fileRef = 09CF62F91725A5B600DF790B /* 112-group@2x.png */; };
		09CF63011725A5B600DF790B /* 112-group@2x.png in Resources */ = {isa = PBXBuildFile; fileRef = 09CF62F91725A5B600DF790B /* 112-group@2x.png */; };
		0B227DB317258C3200BD839E /* AssitanceListTableViewController.m in Sources */ = {isa = PBXBuildFile; fileRef = 0B227DB217258C3200BD839E /* AssitanceListTableViewController.m */; };
		0B495401174140240097FD7B /* CommentEditViewController.m in Sources */ = {isa = PBXBuildFile; fileRef = 0B495400174140240097FD7B /* CommentEditViewController.m */; };
		1026E1FA16D2462D007A2149 /* UIKit.framework in Frameworks */ = {isa = PBXBuildFile; fileRef = 1026E1F916D2462D007A2149 /* UIKit.framework */; };
		1026E1FC16D2462D007A2149 /* Foundation.framework in Frameworks */ = {isa = PBXBuildFile; fileRef = 1026E1FB16D2462D007A2149 /* Foundation.framework */; };
		1026E1FE16D2462D007A2149 /* CoreGraphics.framework in Frameworks */ = {isa = PBXBuildFile; fileRef = 1026E1FD16D2462D007A2149 /* CoreGraphics.framework */; };
		1026E20016D2462D007A2149 /* CoreData.framework in Frameworks */ = {isa = PBXBuildFile; fileRef = 1026E1FF16D2462D007A2149 /* CoreData.framework */; };
		1026E20616D2462D007A2149 /* InfoPlist.strings in Resources */ = {isa = PBXBuildFile; fileRef = 1026E20416D2462D007A2149 /* InfoPlist.strings */; };
		1026E20816D2462D007A2149 /* main.m in Sources */ = {isa = PBXBuildFile; fileRef = 1026E20716D2462D007A2149 /* main.m */; };
		1026E20C16D2462D007A2149 /* AppDelegate.m in Sources */ = {isa = PBXBuildFile; fileRef = 1026E20B16D2462D007A2149 /* AppDelegate.m */; };
		1026E20E16D2462D007A2149 /* Default.png in Resources */ = {isa = PBXBuildFile; fileRef = 1026E20D16D2462D007A2149 /* Default.png */; };
		1026E21016D2462D007A2149 /* Default@2x.png in Resources */ = {isa = PBXBuildFile; fileRef = 1026E20F16D2462D007A2149 /* Default@2x.png */; };
		1026E21216D2462D007A2149 /* Default-568h@2x.png in Resources */ = {isa = PBXBuildFile; fileRef = 1026E21116D2462D007A2149 /* Default-568h@2x.png */; };
		1026E21D16D2462E007A2149 /* SenTestingKit.framework in Frameworks */ = {isa = PBXBuildFile; fileRef = 1026E21C16D2462E007A2149 /* SenTestingKit.framework */; };
		1026E21E16D2462E007A2149 /* UIKit.framework in Frameworks */ = {isa = PBXBuildFile; fileRef = 1026E1F916D2462D007A2149 /* UIKit.framework */; };
		1026E21F16D2462E007A2149 /* Foundation.framework in Frameworks */ = {isa = PBXBuildFile; fileRef = 1026E1FB16D2462D007A2149 /* Foundation.framework */; };
		1026E22016D2462E007A2149 /* CoreData.framework in Frameworks */ = {isa = PBXBuildFile; fileRef = 1026E1FF16D2462D007A2149 /* CoreData.framework */; };
		1026E22816D2462E007A2149 /* InfoPlist.strings in Resources */ = {isa = PBXBuildFile; fileRef = 1026E22616D2462E007A2149 /* InfoPlist.strings */; };
		1026E22B16D2462E007A2149 /* NSCoderAppTests.m in Sources */ = {isa = PBXBuildFile; fileRef = 1026E22A16D2462E007A2149 /* NSCoderAppTests.m */; };
		1026E2DE16D25C93007A2149 /* CFNetwork.framework in Frameworks */ = {isa = PBXBuildFile; fileRef = 1026E2DD16D25C93007A2149 /* CFNetwork.framework */; };
		1026E2E016D25CA5007A2149 /* Security.framework in Frameworks */ = {isa = PBXBuildFile; fileRef = 1026E2DF16D25CA5007A2149 /* Security.framework */; };
		1026E2E216D26CA1007A2149 /* libicucore.dylib in Frameworks */ = {isa = PBXBuildFile; fileRef = 1026E2E116D26CA1007A2149 /* libicucore.dylib */; };
		1026E2E416D26CC4007A2149 /* SystemConfiguration.framework in Frameworks */ = {isa = PBXBuildFile; fileRef = 1026E2E316D26CC4007A2149 /* SystemConfiguration.framework */; };
		1026E2E616D26D04007A2149 /* MobileCoreServices.framework in Frameworks */ = {isa = PBXBuildFile; fileRef = 1026E2E516D26D04007A2149 /* MobileCoreServices.framework */; };
		1073D2CA171817F9009655EB /* LocationViewController.m in Sources */ = {isa = PBXBuildFile; fileRef = 1073D2C9171817F9009655EB /* LocationViewController.m */; };
		1073D2CE17181E56009655EB /* AddressBook.framework in Frameworks */ = {isa = PBXBuildFile; fileRef = 1073D2CD17181E56009655EB /* AddressBook.framework */; };
		22463074718542469550F313 /* libPods.a in Frameworks */ = {isa = PBXBuildFile; fileRef = 6681194B0BBE40E4A840D767 /* libPods.a */; };
		D3056333173501920023C8C3 /* NSCoder.png in Resources */ = {isa = PBXBuildFile; fileRef = D3056332173501920023C8C3 /* NSCoder.png */; };
		D34CF5B4172D418300444A6C /* EventsViewController.m in Sources */ = {isa = PBXBuildFile; fileRef = D34CF5B3172D418300444A6C /* EventsViewController.m */; };
		D3A42FA8172D8B4E00640310 /* UserProfileViewController.m in Sources */ = {isa = PBXBuildFile; fileRef = D3A42FA7172D8B4E00640310 /* UserProfileViewController.m */; };
/* End PBXBuildFile section */

/* Begin PBXContainerItemProxy section */
		1026E22116D2462E007A2149 /* PBXContainerItemProxy */ = {
			isa = PBXContainerItemProxy;
			containerPortal = 1026E1EE16D2462C007A2149 /* Project object */;
			proxyType = 1;
			remoteGlobalIDString = 1026E1F516D2462C007A2149;
			remoteInfo = NSCoderApp;
		};
/* End PBXContainerItemProxy section */

/* Begin PBXFileReference section */
		090D4578170A04FE00ADCB17 /* UIViewController+Helper.h */ = {isa = PBXFileReference; fileEncoding = 4; lastKnownFileType = sourcecode.c.h; path = "UIViewController+Helper.h"; sourceTree = "<group>"; };
		090D4579170A04FE00ADCB17 /* UIViewController+Helper.m */ = {isa = PBXFileReference; fileEncoding = 4; lastKnownFileType = sourcecode.c.objc; path = "UIViewController+Helper.m"; sourceTree = "<group>"; };
		0940B3DA1700D1760000F516 /* SignupViewController.h */ = {isa = PBXFileReference; fileEncoding = 4; lastKnownFileType = sourcecode.c.h; path = SignupViewController.h; sourceTree = "<group>"; };
		0940B3DB1700D1760000F516 /* SignupViewController.m */ = {isa = PBXFileReference; fileEncoding = 4; lastKnownFileType = sourcecode.c.objc; path = SignupViewController.m; sourceTree = "<group>"; };
		0940B3DD1700D1820000F516 /* GroupsViewController.h */ = {isa = PBXFileReference; fileEncoding = 4; lastKnownFileType = sourcecode.c.h; path = GroupsViewController.h; sourceTree = "<group>"; };
		0940B3DE1700D1820000F516 /* GroupsViewController.m */ = {isa = PBXFileReference; fileEncoding = 4; lastKnownFileType = sourcecode.c.objc; path = GroupsViewController.m; sourceTree = "<group>"; };
		0940B3E01700D1B90000F516 /* GroupViewController.h */ = {isa = PBXFileReference; fileEncoding = 4; lastKnownFileType = sourcecode.c.h; path = GroupViewController.h; sourceTree = "<group>"; };
		0940B3E11700D1B90000F516 /* GroupViewController.m */ = {isa = PBXFileReference; fileEncoding = 4; lastKnownFileType = sourcecode.c.objc; path = GroupViewController.m; sourceTree = "<group>"; };
		0940B3E31700D2140000F516 /* EventViewController.h */ = {isa = PBXFileReference; fileEncoding = 4; lastKnownFileType = sourcecode.c.h; path = EventViewController.h; sourceTree = "<group>"; };
		0940B3E41700D2140000F516 /* EventViewController.m */ = {isa = PBXFileReference; fileEncoding = 4; lastKnownFileType = sourcecode.c.objc; path = EventViewController.m; sourceTree = "<group>"; };
		0940B3E61700D24B0000F516 /* CommentCreateViewController.h */ = {isa = PBXFileReference; fileEncoding = 4; lastKnownFileType = sourcecode.c.h; path = CommentCreateViewController.h; sourceTree = "<group>"; };
		0940B3E71700D24B0000F516 /* CommentCreateViewController.m */ = {isa = PBXFileReference; fileEncoding = 4; lastKnownFileType = sourcecode.c.objc; path = CommentCreateViewController.m; sourceTree = "<group>"; };
		0940B3EA1700D28B0000F516 /* GroupParticipantsViewController.h */ = {isa = PBXFileReference; fileEncoding = 4; lastKnownFileType = sourcecode.c.h; path = GroupParticipantsViewController.h; sourceTree = "<group>"; };
		0940B3EB1700D28B0000F516 /* GroupParticipantsViewController.m */ = {isa = PBXFileReference; fileEncoding = 4; lastKnownFileType = sourcecode.c.objc; path = GroupParticipantsViewController.m; sourceTree = "<group>"; };
		0940B3ED1700D2C20000F516 /* EventAttendeesViewController.h */ = {isa = PBXFileReference; fileEncoding = 4; lastKnownFileType = sourcecode.c.h; path = EventAttendeesViewController.h; sourceTree = "<group>"; };
		0940B3EE1700D2C20000F516 /* EventAttendeesViewController.m */ = {isa = PBXFileReference; fileEncoding = 4; lastKnownFileType = sourcecode.c.objc; path = EventAttendeesViewController.m; sourceTree = "<group>"; };
		0940B3F01700D4320000F516 /* MapKit.framework */ = {isa = PBXFileReference; lastKnownFileType = wrapper.framework; name = MapKit.framework; path = System/Library/Frameworks/MapKit.framework; sourceTree = SDKROOT; };
		09CF62EA1725A16E00DF790B /* UIView+ActivityIndicator.h */ = {isa = PBXFileReference; fileEncoding = 4; lastKnownFileType = sourcecode.c.h; path = "UIView+ActivityIndicator.h"; sourceTree = "<group>"; };
		09CF62EB1725A16E00DF790B /* UIView+ActivityIndicator.m */ = {isa = PBXFileReference; fileEncoding = 4; lastKnownFileType = sourcecode.c.objc; path = "UIView+ActivityIndicator.m"; sourceTree = "<group>"; };
		09CF62F01725A59D00DF790B /* 83-calendar.png */ = {isa = PBXFileReference; lastKnownFileType = image.png; path = "83-calendar.png"; sourceTree = "<group>"; };
		09CF62F11725A59D00DF790B /* 83-calendar@2x.png */ = {isa = PBXFileReference; lastKnownFileType = image.png; path = "83-calendar@2x.png"; sourceTree = "<group>"; };
		09CF62F61725A5B600DF790B /* 111-user.png */ = {isa = PBXFileReference; lastKnownFileType = image.png; path = "111-user.png"; sourceTree = "<group>"; };
		09CF62F71725A5B600DF790B /* 111-user@2x.png */ = {isa = PBXFileReference; lastKnownFileType = image.png; path = "111-user@2x.png"; sourceTree = "<group>"; };
		09CF62F81725A5B600DF790B /* 112-group.png */ = {isa = PBXFileReference; lastKnownFileType = image.png; path = "112-group.png"; sourceTree = "<group>"; };
		09CF62F91725A5B600DF790B /* 112-group@2x.png */ = {isa = PBXFileReference; lastKnownFileType = image.png; path = "112-group@2x.png"; sourceTree = "<group>"; };
		0B227DB117258C3200BD839E /* AssitanceListTableViewController.h */ = {isa = PBXFileReference; fileEncoding = 4; lastKnownFileType = sourcecode.c.h; path = AssitanceListTableViewController.h; sourceTree = "<group>"; };
		0B227DB217258C3200BD839E /* AssitanceListTableViewController.m */ = {isa = PBXFileReference; fileEncoding = 4; lastKnownFileType = sourcecode.c.objc; path = AssitanceListTableViewController.m; sourceTree = "<group>"; };
		0B4953FF174140240097FD7B /* CommentEditViewController.h */ = {isa = PBXFileReference; fileEncoding = 4; lastKnownFileType = sourcecode.c.h; path = CommentEditViewController.h; sourceTree = "<group>"; };
		0B495400174140240097FD7B /* CommentEditViewController.m */ = {isa = PBXFileReference; fileEncoding = 4; lastKnownFileType = sourcecode.c.objc; path = CommentEditViewController.m; sourceTree = "<group>"; };
		1026E1F616D2462C007A2149 /* NSCoderApp.app */ = {isa = PBXFileReference; explicitFileType = wrapper.application; includeInIndex = 0; path = NSCoderApp.app; sourceTree = BUILT_PRODUCTS_DIR; };
		1026E1F916D2462D007A2149 /* UIKit.framework */ = {isa = PBXFileReference; lastKnownFileType = wrapper.framework; name = UIKit.framework; path = System/Library/Frameworks/UIKit.framework; sourceTree = SDKROOT; };
		1026E1FB16D2462D007A2149 /* Foundation.framework */ = {isa = PBXFileReference; lastKnownFileType = wrapper.framework; name = Foundation.framework; path = System/Library/Frameworks/Foundation.framework; sourceTree = SDKROOT; };
		1026E1FD16D2462D007A2149 /* CoreGraphics.framework */ = {isa = PBXFileReference; lastKnownFileType = wrapper.framework; name = CoreGraphics.framework; path = System/Library/Frameworks/CoreGraphics.framework; sourceTree = SDKROOT; };
		1026E1FF16D2462D007A2149 /* CoreData.framework */ = {isa = PBXFileReference; lastKnownFileType = wrapper.framework; name = CoreData.framework; path = System/Library/Frameworks/CoreData.framework; sourceTree = SDKROOT; };
		1026E20316D2462D007A2149 /* NSCoderApp-Info.plist */ = {isa = PBXFileReference; lastKnownFileType = text.plist.xml; path = "NSCoderApp-Info.plist"; sourceTree = "<group>"; };
		1026E20516D2462D007A2149 /* en */ = {isa = PBXFileReference; lastKnownFileType = text.plist.strings; name = en; path = en.lproj/InfoPlist.strings; sourceTree = "<group>"; };
		1026E20716D2462D007A2149 /* main.m */ = {isa = PBXFileReference; lastKnownFileType = sourcecode.c.objc; path = main.m; sourceTree = "<group>"; };
		1026E20916D2462D007A2149 /* NSCoderApp-Prefix.pch */ = {isa = PBXFileReference; lastKnownFileType = sourcecode.c.h; path = "NSCoderApp-Prefix.pch"; sourceTree = "<group>"; };
		1026E20A16D2462D007A2149 /* AppDelegate.h */ = {isa = PBXFileReference; lastKnownFileType = sourcecode.c.h; path = AppDelegate.h; sourceTree = "<group>"; };
		1026E20B16D2462D007A2149 /* AppDelegate.m */ = {isa = PBXFileReference; lastKnownFileType = sourcecode.c.objc; path = AppDelegate.m; sourceTree = "<group>"; };
		1026E20D16D2462D007A2149 /* Default.png */ = {isa = PBXFileReference; lastKnownFileType = image.png; path = Default.png; sourceTree = "<group>"; };
		1026E20F16D2462D007A2149 /* Default@2x.png */ = {isa = PBXFileReference; lastKnownFileType = image.png; path = "Default@2x.png"; sourceTree = "<group>"; };
		1026E21116D2462D007A2149 /* Default-568h@2x.png */ = {isa = PBXFileReference; lastKnownFileType = image.png; path = "Default-568h@2x.png"; sourceTree = "<group>"; };
		1026E21B16D2462E007A2149 /* NSCoderAppTests.octest */ = {isa = PBXFileReference; explicitFileType = wrapper.cfbundle; includeInIndex = 0; path = NSCoderAppTests.octest; sourceTree = BUILT_PRODUCTS_DIR; };
		1026E21C16D2462E007A2149 /* SenTestingKit.framework */ = {isa = PBXFileReference; lastKnownFileType = wrapper.framework; name = SenTestingKit.framework; path = Library/Frameworks/SenTestingKit.framework; sourceTree = DEVELOPER_DIR; };
		1026E22516D2462E007A2149 /* NSCoderAppTests-Info.plist */ = {isa = PBXFileReference; lastKnownFileType = text.plist.xml; path = "NSCoderAppTests-Info.plist"; sourceTree = "<group>"; };
		1026E22716D2462E007A2149 /* en */ = {isa = PBXFileReference; lastKnownFileType = text.plist.strings; name = en; path = en.lproj/InfoPlist.strings; sourceTree = "<group>"; };
		1026E22916D2462E007A2149 /* NSCoderAppTests.h */ = {isa = PBXFileReference; lastKnownFileType = sourcecode.c.h; path = NSCoderAppTests.h; sourceTree = "<group>"; };
		1026E22A16D2462E007A2149 /* NSCoderAppTests.m */ = {isa = PBXFileReference; lastKnownFileType = sourcecode.c.objc; path = NSCoderAppTests.m; sourceTree = "<group>"; };
		1026E23516D24733007A2149 /* requerimientos.txt */ = {isa = PBXFileReference; lastKnownFileType = text; path = requerimientos.txt; sourceTree = "<group>"; };
		1026E2DD16D25C93007A2149 /* CFNetwork.framework */ = {isa = PBXFileReference; lastKnownFileType = wrapper.framework; name = CFNetwork.framework; path = System/Library/Frameworks/CFNetwork.framework; sourceTree = SDKROOT; };
		1026E2DF16D25CA5007A2149 /* Security.framework */ = {isa = PBXFileReference; lastKnownFileType = wrapper.framework; name = Security.framework; path = System/Library/Frameworks/Security.framework; sourceTree = SDKROOT; };
		1026E2E116D26CA1007A2149 /* libicucore.dylib */ = {isa = PBXFileReference; lastKnownFileType = "compiled.mach-o.dylib"; name = libicucore.dylib; path = usr/lib/libicucore.dylib; sourceTree = SDKROOT; };
		1026E2E316D26CC4007A2149 /* SystemConfiguration.framework */ = {isa = PBXFileReference; lastKnownFileType = wrapper.framework; name = SystemConfiguration.framework; path = System/Library/Frameworks/SystemConfiguration.framework; sourceTree = SDKROOT; };
		1026E2E516D26D04007A2149 /* MobileCoreServices.framework */ = {isa = PBXFileReference; lastKnownFileType = wrapper.framework; name = MobileCoreServices.framework; path = System/Library/Frameworks/MobileCoreServices.framework; sourceTree = SDKROOT; };
		1073D2C8171817F9009655EB /* LocationViewController.h */ = {isa = PBXFileReference; fileEncoding = 4; lastKnownFileType = sourcecode.c.h; path = LocationViewController.h; sourceTree = "<group>"; };
		1073D2C9171817F9009655EB /* LocationViewController.m */ = {isa = PBXFileReference; fileEncoding = 4; lastKnownFileType = sourcecode.c.objc; path = LocationViewController.m; sourceTree = "<group>"; };
		1073D2CD17181E56009655EB /* AddressBook.framework */ = {isa = PBXFileReference; lastKnownFileType = wrapper.framework; name = AddressBook.framework; path = System/Library/Frameworks/AddressBook.framework; sourceTree = SDKROOT; };
		1BDB7F62BCC54E21A46A2B9F /* Pods.xcconfig */ = {isa = PBXFileReference; includeInIndex = 1; lastKnownFileType = text.xcconfig; name = Pods.xcconfig; path = Pods/Pods.xcconfig; sourceTree = SOURCE_ROOT; };
		6681194B0BBE40E4A840D767 /* libPods.a */ = {isa = PBXFileReference; explicitFileType = archive.ar; includeInIndex = 0; path = libPods.a; sourceTree = BUILT_PRODUCTS_DIR; };
		D3056332173501920023C8C3 /* NSCoder.png */ = {isa = PBXFileReference; lastKnownFileType = image.png; path = NSCoder.png; sourceTree = "<group>"; };
		D34CF5B2172D418300444A6C /* EventsViewController.h */ = {isa = PBXFileReference; fileEncoding = 4; lastKnownFileType = sourcecode.c.h; path = EventsViewController.h; sourceTree = "<group>"; };
		D34CF5B3172D418300444A6C /* EventsViewController.m */ = {isa = PBXFileReference; fileEncoding = 4; lastKnownFileType = sourcecode.c.objc; path = EventsViewController.m; sourceTree = "<group>"; };
		D3A42FA6172D8B4E00640310 /* UserProfileViewController.h */ = {isa = PBXFileReference; fileEncoding = 4; lastKnownFileType = sourcecode.c.h; path = UserProfileViewController.h; sourceTree = "<group>"; };
		D3A42FA7172D8B4E00640310 /* UserProfileViewController.m */ = {isa = PBXFileReference; fileEncoding = 4; lastKnownFileType = sourcecode.c.objc; path = UserProfileViewController.m; sourceTree = "<group>"; };
/* End PBXFileReference section */

/* Begin PBXFrameworksBuildPhase section */
		1026E1F316D2462C007A2149 /* Frameworks */ = {
			isa = PBXFrameworksBuildPhase;
			buildActionMask = 2147483647;
			files = (
				1073D2CE17181E56009655EB /* AddressBook.framework in Frameworks */,
				0940B3F11700D4320000F516 /* MapKit.framework in Frameworks */,
				1026E2E616D26D04007A2149 /* MobileCoreServices.framework in Frameworks */,
				1026E2E416D26CC4007A2149 /* SystemConfiguration.framework in Frameworks */,
				1026E2E216D26CA1007A2149 /* libicucore.dylib in Frameworks */,
				1026E2E016D25CA5007A2149 /* Security.framework in Frameworks */,
				1026E2DE16D25C93007A2149 /* CFNetwork.framework in Frameworks */,
				1026E1FA16D2462D007A2149 /* UIKit.framework in Frameworks */,
				1026E1FC16D2462D007A2149 /* Foundation.framework in Frameworks */,
				1026E1FE16D2462D007A2149 /* CoreGraphics.framework in Frameworks */,
				1026E20016D2462D007A2149 /* CoreData.framework in Frameworks */,
				22463074718542469550F313 /* libPods.a in Frameworks */,
			);
			runOnlyForDeploymentPostprocessing = 0;
		};
		1026E21716D2462D007A2149 /* Frameworks */ = {
			isa = PBXFrameworksBuildPhase;
			buildActionMask = 2147483647;
			files = (
				1026E21D16D2462E007A2149 /* SenTestingKit.framework in Frameworks */,
				1026E21E16D2462E007A2149 /* UIKit.framework in Frameworks */,
				1026E21F16D2462E007A2149 /* Foundation.framework in Frameworks */,
				1026E22016D2462E007A2149 /* CoreData.framework in Frameworks */,
			);
			runOnlyForDeploymentPostprocessing = 0;
		};
/* End PBXFrameworksBuildPhase section */

/* Begin PBXGroup section */
		09CF63021725A5BA00DF790B /* Images */ = {
			isa = PBXGroup;
			children = (
				D3056332173501920023C8C3 /* NSCoder.png */,
				09CF62F61725A5B600DF790B /* 111-user.png */,
				09CF62F71725A5B600DF790B /* 111-user@2x.png */,
				09CF62F81725A5B600DF790B /* 112-group.png */,
				09CF62F91725A5B600DF790B /* 112-group@2x.png */,
				09CF62F01725A59D00DF790B /* 83-calendar.png */,
				09CF62F11725A59D00DF790B /* 83-calendar@2x.png */,
			);
			name = Images;
			sourceTree = "<group>";
		};
		1026E1ED16D2462C007A2149 = {
			isa = PBXGroup;
			children = (
				1026E23416D246BE007A2149 /* doc */,
				1026E20116D2462D007A2149 /* NSCoderApp */,
				1026E22316D2462E007A2149 /* NSCoderAppTests */,
				1026E1F816D2462C007A2149 /* Frameworks */,
				1026E1F716D2462C007A2149 /* Products */,
				1BDB7F62BCC54E21A46A2B9F /* Pods.xcconfig */,
			);
			sourceTree = "<group>";
		};
		1026E1F716D2462C007A2149 /* Products */ = {
			isa = PBXGroup;
			children = (
				1026E1F616D2462C007A2149 /* NSCoderApp.app */,
				1026E21B16D2462E007A2149 /* NSCoderAppTests.octest */,
			);
			name = Products;
			sourceTree = "<group>";
		};
		1026E1F816D2462C007A2149 /* Frameworks */ = {
			isa = PBXGroup;
			children = (
				1073D2CD17181E56009655EB /* AddressBook.framework */,
				0940B3F01700D4320000F516 /* MapKit.framework */,
				1026E2E116D26CA1007A2149 /* libicucore.dylib */,
				1026E2E516D26D04007A2149 /* MobileCoreServices.framework */,
				1026E2E316D26CC4007A2149 /* SystemConfiguration.framework */,
				1026E2DF16D25CA5007A2149 /* Security.framework */,
				1026E2DD16D25C93007A2149 /* CFNetwork.framework */,
				1026E1F916D2462D007A2149 /* UIKit.framework */,
				1026E1FB16D2462D007A2149 /* Foundation.framework */,
				1026E1FD16D2462D007A2149 /* CoreGraphics.framework */,
				1026E1FF16D2462D007A2149 /* CoreData.framework */,
				1026E21C16D2462E007A2149 /* SenTestingKit.framework */,
				6681194B0BBE40E4A840D767 /* libPods.a */,
			);
			name = Frameworks;
			sourceTree = "<group>";
		};
		1026E20116D2462D007A2149 /* NSCoderApp */ = {
			isa = PBXGroup;
			children = (
				09CF63021725A5BA00DF790B /* Images */,
				09CF62EA1725A16E00DF790B /* UIView+ActivityIndicator.h */,
				09CF62EB1725A16E00DF790B /* UIView+ActivityIndicator.m */,
				1026E20A16D2462D007A2149 /* AppDelegate.h */,
				1026E20B16D2462D007A2149 /* AppDelegate.m */,
				1026E20216D2462D007A2149 /* Supporting Files */,
				0940B3DA1700D1760000F516 /* SignupViewController.h */,
				0940B3DB1700D1760000F516 /* SignupViewController.m */,
				0940B3DD1700D1820000F516 /* GroupsViewController.h */,
				0940B3DE1700D1820000F516 /* GroupsViewController.m */,
				0940B3E01700D1B90000F516 /* GroupViewController.h */,
				0940B3E11700D1B90000F516 /* GroupViewController.m */,
				D34CF5B2172D418300444A6C /* EventsViewController.h */,
				D34CF5B3172D418300444A6C /* EventsViewController.m */,
				0940B3E31700D2140000F516 /* EventViewController.h */,
				0940B3E41700D2140000F516 /* EventViewController.m */,
				0940B3E61700D24B0000F516 /* CommentCreateViewController.h */,
				0940B3E71700D24B0000F516 /* CommentCreateViewController.m */,
				0940B3EA1700D28B0000F516 /* GroupParticipantsViewController.h */,
				0940B3EB1700D28B0000F516 /* GroupParticipantsViewController.m */,
				0940B3ED1700D2C20000F516 /* EventAttendeesViewController.h */,
				0940B3EE1700D2C20000F516 /* EventAttendeesViewController.m */,
				090D4578170A04FE00ADCB17 /* UIViewController+Helper.h */,
				090D4579170A04FE00ADCB17 /* UIViewController+Helper.m */,
				1073D2C8171817F9009655EB /* LocationViewController.h */,
				1073D2C9171817F9009655EB /* LocationViewController.m */,
				0B227DB117258C3200BD839E /* AssitanceListTableViewController.h */,
				0B227DB217258C3200BD839E /* AssitanceListTableViewController.m */,
				D3A42FA6172D8B4E00640310 /* UserProfileViewController.h */,
				D3A42FA7172D8B4E00640310 /* UserProfileViewController.m */,
				0B4953FF174140240097FD7B /* CommentEditViewController.h */,
				0B495400174140240097FD7B /* CommentEditViewController.m */,
			);
			path = NSCoderApp;
			sourceTree = "<group>";
		};
		1026E20216D2462D007A2149 /* Supporting Files */ = {
			isa = PBXGroup;
			children = (
				1026E20316D2462D007A2149 /* NSCoderApp-Info.plist */,
				1026E20416D2462D007A2149 /* InfoPlist.strings */,
				1026E20716D2462D007A2149 /* main.m */,
				1026E20916D2462D007A2149 /* NSCoderApp-Prefix.pch */,
				1026E20D16D2462D007A2149 /* Default.png */,
				1026E20F16D2462D007A2149 /* Default@2x.png */,
				1026E21116D2462D007A2149 /* Default-568h@2x.png */,
			);
			name = "Supporting Files";
			sourceTree = "<group>";
		};
		1026E22316D2462E007A2149 /* NSCoderAppTests */ = {
			isa = PBXGroup;
			children = (
				1026E22916D2462E007A2149 /* NSCoderAppTests.h */,
				1026E22A16D2462E007A2149 /* NSCoderAppTests.m */,
				1026E22416D2462E007A2149 /* Supporting Files */,
			);
			path = NSCoderAppTests;
			sourceTree = "<group>";
		};
		1026E22416D2462E007A2149 /* Supporting Files */ = {
			isa = PBXGroup;
			children = (
				1026E22516D2462E007A2149 /* NSCoderAppTests-Info.plist */,
				1026E22616D2462E007A2149 /* InfoPlist.strings */,
			);
			name = "Supporting Files";
			sourceTree = "<group>";
		};
		1026E23416D246BE007A2149 /* doc */ = {
			isa = PBXGroup;
			children = (
				1026E23516D24733007A2149 /* requerimientos.txt */,
			);
			path = doc;
			sourceTree = "<group>";
		};
/* End PBXGroup section */

/* Begin PBXNativeTarget section */
		1026E1F516D2462C007A2149 /* NSCoderApp */ = {
			isa = PBXNativeTarget;
			buildConfigurationList = 1026E22E16D2462E007A2149 /* Build configuration list for PBXNativeTarget "NSCoderApp" */;
			buildPhases = (
				1026E1F216D2462C007A2149 /* Sources */,
				1026E1F316D2462C007A2149 /* Frameworks */,
				1026E1F416D2462C007A2149 /* Resources */,
				BAE89205C88A470D89C280EA /* Copy Pods Resources */,
			);
			buildRules = (
			);
			dependencies = (
			);
			name = NSCoderApp;
			productName = NSCoderApp;
			productReference = 1026E1F616D2462C007A2149 /* NSCoderApp.app */;
			productType = "com.apple.product-type.application";
		};
		1026E21A16D2462D007A2149 /* NSCoderAppTests */ = {
			isa = PBXNativeTarget;
			buildConfigurationList = 1026E23116D2462E007A2149 /* Build configuration list for PBXNativeTarget "NSCoderAppTests" */;
			buildPhases = (
				1026E21616D2462D007A2149 /* Sources */,
				1026E21716D2462D007A2149 /* Frameworks */,
				1026E21816D2462D007A2149 /* Resources */,
				1026E21916D2462D007A2149 /* ShellScript */,
			);
			buildRules = (
			);
			dependencies = (
				1026E22216D2462E007A2149 /* PBXTargetDependency */,
			);
			name = NSCoderAppTests;
			productName = NSCoderAppTests;
			productReference = 1026E21B16D2462E007A2149 /* NSCoderAppTests.octest */;
			productType = "com.apple.product-type.bundle";
		};
/* End PBXNativeTarget section */

/* Begin PBXProject section */
		1026E1EE16D2462C007A2149 /* Project object */ = {
			isa = PBXProject;
			attributes = {
				LastUpgradeCheck = 0460;
				ORGANIZATIONNAME = nscoder_zgz;
			};
			buildConfigurationList = 1026E1F116D2462C007A2149 /* Build configuration list for PBXProject "NSCoderApp" */;
			compatibilityVersion = "Xcode 3.2";
			developmentRegion = English;
			hasScannedForEncodings = 0;
			knownRegions = (
				en,
			);
			mainGroup = 1026E1ED16D2462C007A2149;
			productRefGroup = 1026E1F716D2462C007A2149 /* Products */;
			projectDirPath = "";
			projectRoot = "";
			targets = (
				1026E1F516D2462C007A2149 /* NSCoderApp */,
				1026E21A16D2462D007A2149 /* NSCoderAppTests */,
			);
		};
/* End PBXProject section */

/* Begin PBXResourcesBuildPhase section */
		1026E1F416D2462C007A2149 /* Resources */ = {
			isa = PBXResourcesBuildPhase;
			buildActionMask = 2147483647;
			files = (
				1026E20616D2462D007A2149 /* InfoPlist.strings in Resources */,
				1026E20E16D2462D007A2149 /* Default.png in Resources */,
				1026E21016D2462D007A2149 /* Default@2x.png in Resources */,
				1026E21216D2462D007A2149 /* Default-568h@2x.png in Resources */,
				09CF62F21725A59D00DF790B /* 83-calendar.png in Resources */,
				09CF62F41725A59D00DF790B /* 83-calendar@2x.png in Resources */,
				09CF62FA1725A5B600DF790B /* 111-user.png in Resources */,
				09CF62FC1725A5B600DF790B /* 111-user@2x.png in Resources */,
				09CF62FE1725A5B600DF790B /* 112-group.png in Resources */,
				09CF63001725A5B600DF790B /* 112-group@2x.png in Resources */,
				D3056333173501920023C8C3 /* NSCoder.png in Resources */,
			);
			runOnlyForDeploymentPostprocessing = 0;
		};
		1026E21816D2462D007A2149 /* Resources */ = {
			isa = PBXResourcesBuildPhase;
			buildActionMask = 2147483647;
			files = (
				1026E22816D2462E007A2149 /* InfoPlist.strings in Resources */,
				09CF62F31725A59D00DF790B /* 83-calendar.png in Resources */,
				09CF62F51725A59D00DF790B /* 83-calendar@2x.png in Resources */,
				09CF62FB1725A5B600DF790B /* 111-user.png in Resources */,
				09CF62FD1725A5B600DF790B /* 111-user@2x.png in Resources */,
				09CF62FF1725A5B600DF790B /* 112-group.png in Resources */,
				09CF63011725A5B600DF790B /* 112-group@2x.png in Resources */,
			);
			runOnlyForDeploymentPostprocessing = 0;
		};
/* End PBXResourcesBuildPhase section */

/* Begin PBXShellScriptBuildPhase section */
		1026E21916D2462D007A2149 /* ShellScript */ = {
			isa = PBXShellScriptBuildPhase;
			buildActionMask = 2147483647;
			files = (
			);
			inputPaths = (
			);
			outputPaths = (
			);
			runOnlyForDeploymentPostprocessing = 0;
			shellPath = /bin/sh;
			shellScript = "# Run the unit tests in this test bundle.\n\"${SYSTEM_DEVELOPER_DIR}/Tools/RunUnitTests\"\n";
		};
		BAE89205C88A470D89C280EA /* Copy Pods Resources */ = {
			isa = PBXShellScriptBuildPhase;
			buildActionMask = 2147483647;
			files = (
			);
			inputPaths = (
			);
			name = "Copy Pods Resources";
			outputPaths = (
			);
			runOnlyForDeploymentPostprocessing = 0;
			shellPath = /bin/sh;
			shellScript = "\"${SRCROOT}/Pods/Pods-resources.sh\"\n";
		};
/* End PBXShellScriptBuildPhase section */

/* Begin PBXSourcesBuildPhase section */
		1026E1F216D2462C007A2149 /* Sources */ = {
			isa = PBXSourcesBuildPhase;
			buildActionMask = 2147483647;
			files = (
				1026E20816D2462D007A2149 /* main.m in Sources */,
				1026E20C16D2462D007A2149 /* AppDelegate.m in Sources */,
				0940B3DC1700D1760000F516 /* SignupViewController.m in Sources */,
				0940B3DF1700D1820000F516 /* GroupsViewController.m in Sources */,
				0940B3E21700D1B90000F516 /* GroupViewController.m in Sources */,
				0940B3E51700D2140000F516 /* EventViewController.m in Sources */,
				0940B3E81700D24B0000F516 /* CommentCreateViewController.m in Sources */,
				0940B3EC1700D28B0000F516 /* GroupParticipantsViewController.m in Sources */,
				0940B3EF1700D2C20000F516 /* EventAttendeesViewController.m in Sources */,
				090D457A170A04FE00ADCB17 /* UIViewController+Helper.m in Sources */,
				1073D2CA171817F9009655EB /* LocationViewController.m in Sources */,
				0B227DB317258C3200BD839E /* AssitanceListTableViewController.m in Sources */,
				D34CF5B4172D418300444A6C /* EventsViewController.m in Sources */,
				D3A42FA8172D8B4E00640310 /* UserProfileViewController.m in Sources */,
				09CF62EC1725A16F00DF790B /* UIView+ActivityIndicator.m in Sources */,
				0B495401174140240097FD7B /* CommentEditViewController.m in Sources */,
			);
			runOnlyForDeploymentPostprocessing = 0;
		};
		1026E21616D2462D007A2149 /* Sources */ = {
			isa = PBXSourcesBuildPhase;
			buildActionMask = 2147483647;
			files = (
				1026E22B16D2462E007A2149 /* NSCoderAppTests.m in Sources */,
				09CF62ED1725A16F00DF790B /* UIView+ActivityIndicator.m in Sources */,
			);
			runOnlyForDeploymentPostprocessing = 0;
		};
/* End PBXSourcesBuildPhase section */

/* Begin PBXTargetDependency section */
		1026E22216D2462E007A2149 /* PBXTargetDependency */ = {
			isa = PBXTargetDependency;
			target = 1026E1F516D2462C007A2149 /* NSCoderApp */;
			targetProxy = 1026E22116D2462E007A2149 /* PBXContainerItemProxy */;
		};
/* End PBXTargetDependency section */

/* Begin PBXVariantGroup section */
		1026E20416D2462D007A2149 /* InfoPlist.strings */ = {
			isa = PBXVariantGroup;
			children = (
				1026E20516D2462D007A2149 /* en */,
			);
			name = InfoPlist.strings;
			sourceTree = "<group>";
		};
		1026E22616D2462E007A2149 /* InfoPlist.strings */ = {
			isa = PBXVariantGroup;
			children = (
				1026E22716D2462E007A2149 /* en */,
			);
			name = InfoPlist.strings;
			sourceTree = "<group>";
		};
/* End PBXVariantGroup section */

/* Begin XCBuildConfiguration section */
		1026E22C16D2462E007A2149 /* Debug */ = {
			isa = XCBuildConfiguration;
			buildSettings = {
				ALWAYS_SEARCH_USER_PATHS = NO;
				CLANG_CXX_LANGUAGE_STANDARD = "gnu++0x";
				CLANG_CXX_LIBRARY = "libc++";
				CLANG_ENABLE_OBJC_ARC = YES;
				CLANG_WARN_CONSTANT_CONVERSION = YES;
				CLANG_WARN_EMPTY_BODY = YES;
				CLANG_WARN_ENUM_CONVERSION = YES;
				CLANG_WARN_INT_CONVERSION = YES;
				CLANG_WARN__DUPLICATE_METHOD_MATCH = YES;
				"CODE_SIGN_IDENTITY[sdk=iphoneos*]" = "iPhone Developer";
				COPY_PHASE_STRIP = NO;
				GCC_C_LANGUAGE_STANDARD = gnu99;
				GCC_DYNAMIC_NO_PIC = NO;
				GCC_OPTIMIZATION_LEVEL = 0;
				GCC_PREPROCESSOR_DEFINITIONS = (
					"DEBUG=1",
					"$(inherited)",
				);
				GCC_SYMBOLS_PRIVATE_EXTERN = NO;
				GCC_WARN_ABOUT_RETURN_TYPE = YES;
				GCC_WARN_UNINITIALIZED_AUTOS = YES;
				GCC_WARN_UNUSED_VARIABLE = YES;
				IPHONEOS_DEPLOYMENT_TARGET = 6.0;
				ONLY_ACTIVE_ARCH = YES;
				SDKROOT = iphoneos;
			};
			name = Debug;
		};
		1026E22D16D2462E007A2149 /* Release */ = {
			isa = XCBuildConfiguration;
			buildSettings = {
				ALWAYS_SEARCH_USER_PATHS = NO;
				CLANG_CXX_LANGUAGE_STANDARD = "gnu++0x";
				CLANG_CXX_LIBRARY = "libc++";
				CLANG_ENABLE_OBJC_ARC = YES;
				CLANG_WARN_CONSTANT_CONVERSION = YES;
				CLANG_WARN_EMPTY_BODY = YES;
				CLANG_WARN_ENUM_CONVERSION = YES;
				CLANG_WARN_INT_CONVERSION = YES;
				CLANG_WARN__DUPLICATE_METHOD_MATCH = YES;
				"CODE_SIGN_IDENTITY[sdk=iphoneos*]" = "iPhone Developer";
				COPY_PHASE_STRIP = YES;
				GCC_C_LANGUAGE_STANDARD = gnu99;
				GCC_WARN_ABOUT_RETURN_TYPE = YES;
				GCC_WARN_UNINITIALIZED_AUTOS = YES;
				GCC_WARN_UNUSED_VARIABLE = YES;
				IPHONEOS_DEPLOYMENT_TARGET = 6.0;
				OTHER_CFLAGS = "-DNS_BLOCK_ASSERTIONS=1";
				SDKROOT = iphoneos;
				VALIDATE_PRODUCT = YES;
			};
			name = Release;
		};
		1026E22F16D2462E007A2149 /* Debug */ = {
			isa = XCBuildConfiguration;
			baseConfigurationReference = 1BDB7F62BCC54E21A46A2B9F /* Pods.xcconfig */;
			buildSettings = {
				GCC_PRECOMPILE_PREFIX_HEADER = YES;
				GCC_PREFIX_HEADER = "NSCoderApp/NSCoderApp-Prefix.pch";
				INFOPLIST_FILE = "NSCoderApp/NSCoderApp-Info.plist";
				IPHONEOS_DEPLOYMENT_TARGET = 6.1;
				PRODUCT_NAME = "$(TARGET_NAME)";
				TARGETED_DEVICE_FAMILY = "1,2";
				WRAPPER_EXTENSION = app;
			};
			name = Debug;
		};
		1026E23016D2462E007A2149 /* Release */ = {
			isa = XCBuildConfiguration;
			baseConfigurationReference = 1BDB7F62BCC54E21A46A2B9F /* Pods.xcconfig */;
			buildSettings = {
				GCC_PRECOMPILE_PREFIX_HEADER = YES;
				GCC_PREFIX_HEADER = "NSCoderApp/NSCoderApp-Prefix.pch";
				INFOPLIST_FILE = "NSCoderApp/NSCoderApp-Info.plist";
				IPHONEOS_DEPLOYMENT_TARGET = 6.1;
				PRODUCT_NAME = "$(TARGET_NAME)";
				TARGETED_DEVICE_FAMILY = "1,2";
				WRAPPER_EXTENSION = app;
			};
			name = Release;
		};
		1026E23216D2462E007A2149 /* Debug */ = {
			isa = XCBuildConfiguration;
			buildSettings = {
				BUNDLE_LOADER = "$(BUILT_PRODUCTS_DIR)/NSCoderApp.app/NSCoderApp";
				FRAMEWORK_SEARCH_PATHS = (
					"\"$(SDKROOT)/Developer/Library/Frameworks\"",
					"\"$(DEVELOPER_LIBRARY_DIR)/Frameworks\"",
				);
				GCC_PRECOMPILE_PREFIX_HEADER = YES;
				GCC_PREFIX_HEADER = "NSCoderApp/NSCoderApp-Prefix.pch";
				INFOPLIST_FILE = "NSCoderAppTests/NSCoderAppTests-Info.plist";
				PRODUCT_NAME = "$(TARGET_NAME)";
				TEST_HOST = "$(BUNDLE_LOADER)";
				WRAPPER_EXTENSION = octest;
			};
			name = Debug;
		};
		1026E23316D2462E007A2149 /* Release */ = {
			isa = XCBuildConfiguration;
			buildSettings = {
				BUNDLE_LOADER = "$(BUILT_PRODUCTS_DIR)/NSCoderApp.app/NSCoderApp";
				FRAMEWORK_SEARCH_PATHS = (
					"\"$(SDKROOT)/Developer/Library/Frameworks\"",
					"\"$(DEVELOPER_LIBRARY_DIR)/Frameworks\"",
				);
				GCC_PRECOMPILE_PREFIX_HEADER = YES;
				GCC_PREFIX_HEADER = "NSCoderApp/NSCoderApp-Prefix.pch";
				INFOPLIST_FILE = "NSCoderAppTests/NSCoderAppTests-Info.plist";
				PRODUCT_NAME = "$(TARGET_NAME)";
				TEST_HOST = "$(BUNDLE_LOADER)";
				WRAPPER_EXTENSION = octest;
			};
			name = Release;
		};
/* End XCBuildConfiguration section */

/* Begin XCConfigurationList section */
		1026E1F116D2462C007A2149 /* Build configuration list for PBXProject "NSCoderApp" */ = {
			isa = XCConfigurationList;
			buildConfigurations = (
				1026E22C16D2462E007A2149 /* Debug */,
				1026E22D16D2462E007A2149 /* Release */,
			);
			defaultConfigurationIsVisible = 0;
			defaultConfigurationName = Release;
		};
		1026E22E16D2462E007A2149 /* Build configuration list for PBXNativeTarget "NSCoderApp" */ = {
			isa = XCConfigurationList;
			buildConfigurations = (
				1026E22F16D2462E007A2149 /* Debug */,
				1026E23016D2462E007A2149 /* Release */,
			);
			defaultConfigurationIsVisible = 0;
			defaultConfigurationName = Release;
		};
		1026E23116D2462E007A2149 /* Build configuration list for PBXNativeTarget "NSCoderAppTests" */ = {
			isa = XCConfigurationList;
			buildConfigurations = (
				1026E23216D2462E007A2149 /* Debug */,
				1026E23316D2462E007A2149 /* Release */,
			);
			defaultConfigurationIsVisible = 0;
			defaultConfigurationName = Release;
		};
/* End XCConfigurationList section */
	};
	rootObject = 1026E1EE16D2462C007A2149 /* Project object */;
}
